
Microsoft Visual Studio Solution File, Format Version 12.00
# Visual Studio Version 17
VisualStudioVersion = 17.13.35913.81
MinimumVisualStudioVersion = 10.0.40219.1
Project("{FAE04EC0-301F-11D3-BF4B-00C04F79EFBC}") = "IMGNCar", "IMGNCar\IMGNCar.csproj", "{D28FA899-0C27-4153-8EEF-039BFA034B5A}"
EndProject
Global
	GlobalSection(SolutionConfigurationPlatforms) = preSolution
		Debug|Any CPU = Debug|Any CPU
		Release|Any CPU = Release|Any CPU
	EndGlobalSection
	GlobalSection(ProjectConfigurationPlatforms) = postSolution
		{D28FA899-0C27-4153-8EEF-039BFA034B5A}.Debug|Any CPU.ActiveCfg = Debug|Any CPU
		{D28FA899-0C27-4153-8EEF-039BFA034B5A}.Debug|Any CPU.Build.0 = Debug|Any CPU
		{D28FA899-0C27-4153-8EEF-039BFA034B5A}.Release|Any CPU.ActiveCfg = Release|Any CPU
		{D28FA899-0C27-4153-8EEF-039BFA034B5A}.Release|Any CPU.Build.0 = Release|Any CPU
	EndGlobalSection
	GlobalSection(SolutionProperties) = preSolution
		HideSolutionNode = FALSE
	EndGlobalSection
	GlobalSection(ExtensibilityGlobals) = postSolution
		SolutionGuid = {3E57F099-98AA-499F-A70F-734D5C738496}
	EndGlobalSection
EndGlobal
